
Microsoft Visual Studio Solution File, Format Version 12.00
# Visual Studio Version 16
VisualStudioVersion = 16.0.30114.105
MinimumVisualStudioVersion = 10.0.40219.1
Project("{2150E333-8FDC-42A3-9474-1A3956D46DE8}") = "src", "src", "{6C21DEB8-DB26-4FDB-A4D5-86754D700824}"
EndProject
Project("{FAE04EC0-301F-11D3-BF4B-00C04F79EFBC}") = "Petaurus.Functional", "src\Petaurus.Functional\Petaurus.Functional.csproj", "{898CFC15-730B-4E34-AEBA-60BE5016AA76}"
EndProject
Project("{2150E333-8FDC-42A3-9474-1A3956D46DE8}") = "test", "test", "{7B37D390-AC89-4598-B898-A8AAFAFFA5B8}"
EndProject
Project("{FAE04EC0-301F-11D3-BF4B-00C04F79EFBC}") = "Petaurus.Functional.Test", "test\Petaurus.Functional.Test\Petaurus.Functional.Test.csproj", "{3ECEA5A2-7D88-4FF7-8E3A-CD9923202D12}"
EndProject
Global
	GlobalSection(SolutionConfigurationPlatforms) = preSolution
		Debug|Any CPU = Debug|Any CPU
		Release|Any CPU = Release|Any CPU
	EndGlobalSection
	GlobalSection(SolutionProperties) = preSolution
		HideSolutionNode = FALSE
	EndGlobalSection
	GlobalSection(ProjectConfigurationPlatforms) = postSolution
		{898CFC15-730B-4E34-AEBA-60BE5016AA76}.Debug|Any CPU.ActiveCfg = Debug|Any CPU
		{898CFC15-730B-4E34-AEBA-60BE5016AA76}.Debug|Any CPU.Build.0 = Debug|Any CPU
		{898CFC15-730B-4E34-AEBA-60BE5016AA76}.Release|Any CPU.ActiveCfg = Release|Any CPU
		{898CFC15-730B-4E34-AEBA-60BE5016AA76}.Release|Any CPU.Build.0 = Release|Any CPU
		{3ECEA5A2-7D88-4FF7-8E3A-CD9923202D12}.Debug|Any CPU.ActiveCfg = Debug|Any CPU
		{3ECEA5A2-7D88-4FF7-8E3A-CD9923202D12}.Debug|Any CPU.Build.0 = Debug|Any CPU
		{3ECEA5A2-7D88-4FF7-8E3A-CD9923202D12}.Release|Any CPU.ActiveCfg = Release|Any CPU
		{3ECEA5A2-7D88-4FF7-8E3A-CD9923202D12}.Release|Any CPU.Build.0 = Release|Any CPU
	EndGlobalSection
	GlobalSection(NestedProjects) = preSolution
		{898CFC15-730B-4E34-AEBA-60BE5016AA76} = {6C21DEB8-DB26-4FDB-A4D5-86754D700824}
		{3ECEA5A2-7D88-4FF7-8E3A-CD9923202D12} = {7B37D390-AC89-4598-B898-A8AAFAFFA5B8}
	EndGlobalSection
EndGlobal
